
Microsoft Visual Studio Solution File, Format Version 12.00
# Visual Studio 14
VisualStudioVersion = 14.0.25420.1
MinimumVisualStudioVersion = 10.0.40219.1
Project("{2150E333-8FDC-42A3-9474-1A3956D46DE8}") = "src", "src", "{5999C4CA-5F0D-43E9-B644-D0A20C4AAD01}"
EndProject
Project("{2150E333-8FDC-42A3-9474-1A3956D46DE8}") = "Solution Items", "Solution Items", "{A712D1DA-C6EA-484A-A9DB-163B7DDAFD37}"
	ProjectSection(SolutionItems) = preProject
		global.json = global.json
	EndProjectSection
EndProject
Project("{8BB2217D-0F2D-49D1-97BC-3654ED321F3B}") = "BizEssential.Core", "src\BizEssential.Core\BizEssential.Core.xproj", "{D2D66347-C818-409E-BE60-99462C3E6DC1}"
EndProject
Global
	GlobalSection(SolutionConfigurationPlatforms) = preSolution
		Debug|Any CPU = Debug|Any CPU
		Release|Any CPU = Release|Any CPU
	EndGlobalSection
	GlobalSection(ProjectConfigurationPlatforms) = postSolution
		{D2D66347-C818-409E-BE60-99462C3E6DC1}.Debug|Any CPU.ActiveCfg = Debug|Any CPU
		{D2D66347-C818-409E-BE60-99462C3E6DC1}.Debug|Any CPU.Build.0 = Debug|Any CPU
		{D2D66347-C818-409E-BE60-99462C3E6DC1}.Release|Any CPU.ActiveCfg = Release|Any CPU
		{D2D66347-C818-409E-BE60-99462C3E6DC1}.Release|Any CPU.Build.0 = Release|Any CPU
	EndGlobalSection
	GlobalSection(SolutionProperties) = preSolution
		HideSolutionNode = FALSE
	EndGlobalSection
	GlobalSection(NestedProjects) = preSolution
		{D2D66347-C818-409E-BE60-99462C3E6DC1} = {5999C4CA-5F0D-43E9-B644-D0A20C4AAD01}
	EndGlobalSection
EndGlobal
